schema: '2.0'
stages:
  download_data:
    cmd: python src/download_data.py
    deps:
    - path: src/download_data.py
      hash: md5
      md5: 0a81747de3df34e0f33100af7e2282fb
      size: 823
    params:
      params.yaml:
        data.dataset_id: 42585
    outs:
    - path: data/penguins.csv
      hash: md5
      md5: 0e93dddcd52d61c047e54761abde1334
      size: 15015
  prepare_data:
    cmd: python src/prepare_data.py
    deps:
    - path: data/penguins.csv
      hash: md5
      md5: 0e93dddcd52d61c047e54761abde1334
      size: 15015
    - path: src/prepare_data.py
      hash: md5
      md5: 3f6ba54f53e74c724298aedf25b94672
      size: 2829
    params:
      params.yaml:
        prepare.random_state: 42
        prepare.test_size: 0.01
    outs:
    - path: data/test.csv
      hash: md5
      md5: cd9ddd1ab5f8c06b9ee46cf4c994bdf6
      size: 303
    - path: data/train.csv
      hash: md5
      md5: f5d5dc7c99c2b69cc00f246db5ef461c
      size: 15497
    - path: models/encoder.pkl
      hash: md5
      md5: 597d45d2b9adfd6176032bf53160fb0a
      size: 713
  train_model:
    cmd: python src/train_model.py
    deps:
    - path: data/test.csv
      hash: md5
      md5: cd9ddd1ab5f8c06b9ee46cf4c994bdf6
      size: 303
    - path: data/train.csv
      hash: md5
      md5: f5d5dc7c99c2b69cc00f246db5ef461c
      size: 15497
    - path: src/train_model.py
      hash: md5
      md5: b5fe19e0594109b91f7fdd936c0dcbf1
      size: 2320
    params:
      params.yaml:
        experiment.name: palmer_penguins_4
    outs:
    - path: models/model.pkl
      hash: md5
      md5: ed23d3e4894d49a37ad2925f2e8ec983
      size: 213748
  evaluate:
    cmd: python src/evaluate.py
    deps:
    - path: models/model.pkl
      hash: md5
      md5: ed23d3e4894d49a37ad2925f2e8ec983
      size: 213748
    - path: src/evaluate.py
      hash: md5
      md5: 217d4795cc6bfede40a0be1d86587066
      size: 1633
    params:
      params.yaml:
        experiment.name: palmer_penguins_4
    outs:
    - path: metrics.json
      hash: md5
      md5: c5397b55b58cce52cec80ed489f452c1
      size: 46
  register_bentoml:
    cmd: python src/register_bentoml.py
    deps:
    - path: models/model.pkl
      hash: md5
      md5: ed23d3e4894d49a37ad2925f2e8ec983
      size: 213748
    - path: src/register_bentoml.py
      hash: md5
      md5: 8f11c846a89e833cd5511616bb44ee47
      size: 1203
    params:
      params.yaml:
        experiment.name: palmer_penguins_4
