schema: '2.0'
stages:
  download_data:
    cmd: python src/download_data.py
    deps:
    - path: src/download_data.py
      hash: md5
      md5: 0a81747de3df34e0f33100af7e2282fb
      size: 823
    params:
      params.yaml:
        data.dataset_id: 42585
    outs:
    - path: data/penguins.csv
      hash: md5
      md5: 0e93dddcd52d61c047e54761abde1334
      size: 15015
  prepare_data:
    cmd: python src/prepare_data.py
    deps:
    - path: data/penguins.csv
      hash: md5
      md5: 0e93dddcd52d61c047e54761abde1334
      size: 15015
    - path: src/prepare_data.py
      hash: md5
      md5: 3f6ba54f53e74c724298aedf25b94672
      size: 2829
    params:
      params.yaml:
        prepare.random_state: 42
        prepare.test_size: 0.2
    outs:
    - path: data/test.csv
      hash: md5
      md5: 3ce0a57895a56d74e717c998a624bccd
      size: 3240
    - path: data/train.csv
      hash: md5
      md5: 5ee9b837755d417faf910402f90b90ae
      size: 12560
    - path: models/encoder.pkl
      hash: md5
      md5: 597d45d2b9adfd6176032bf53160fb0a
      size: 713
  train_model:
    cmd: python src/train_model.py
    deps:
    - path: data/test.csv
      hash: md5
      md5: 3ce0a57895a56d74e717c998a624bccd
      size: 3240
    - path: data/train.csv
      hash: md5
      md5: 5ee9b837755d417faf910402f90b90ae
      size: 12560
    - path: src/train_model.py
      hash: md5
      md5: a569a313f2678c332349ec5c4483cfaf
      size: 3279
    params:
      params.yaml:
        model.max_depth: 5
        model.min_samples_leaf: 2
        model.min_samples_split: 4
        model.n_estimators: 200
    outs:
    - path: models/model.pkl
      hash: md5
      md5: 49c643bb16b764eb31752656d91548d4
      size: 409185
